
Microsoft Visual Studio Solution File, Format Version 12.00
# Visual Studio 2013
VisualStudioVersion = 12.0.31101.0
MinimumVisualStudioVersion = 10.0.40219.1
Project("{FAE04EC0-301F-11D3-BF4B-00C04F79EFBC}") = "AutoPopSqlGeneratorForm", "AutoPopSqlGenerator\AutoPopSqlGeneratorForm.csproj", "{3E07AC2F-C9EA-4B10-9F02-58C52A91E2CC}"
EndProject
Project("{F2A71F9B-5D33-465A-A702-920D77279786}") = "AutoPopSqlGeneratorFSharp", "AutoPopSqlGeneratorFSharp\AutoPopSqlGeneratorFSharp.fsproj", "{241CB589-4F50-4E67-8EFA-77DDC74F3645}"
EndProject
Global
	GlobalSection(SolutionConfigurationPlatforms) = preSolution
		Debug|Any CPU = Debug|Any CPU
		Release|Any CPU = Release|Any CPU
	EndGlobalSection
	GlobalSection(ProjectConfigurationPlatforms) = postSolution
		{3E07AC2F-C9EA-4B10-9F02-58C52A91E2CC}.Debug|Any CPU.ActiveCfg = Debug|Any CPU
		{3E07AC2F-C9EA-4B10-9F02-58C52A91E2CC}.Debug|Any CPU.Build.0 = Debug|Any CPU
		{3E07AC2F-C9EA-4B10-9F02-58C52A91E2CC}.Release|Any CPU.ActiveCfg = Release|Any CPU
		{3E07AC2F-C9EA-4B10-9F02-58C52A91E2CC}.Release|Any CPU.Build.0 = Release|Any CPU
		{241CB589-4F50-4E67-8EFA-77DDC74F3645}.Debug|Any CPU.ActiveCfg = Debug|Any CPU
		{241CB589-4F50-4E67-8EFA-77DDC74F3645}.Debug|Any CPU.Build.0 = Debug|Any CPU
		{241CB589-4F50-4E67-8EFA-77DDC74F3645}.Release|Any CPU.ActiveCfg = Release|Any CPU
		{241CB589-4F50-4E67-8EFA-77DDC74F3645}.Release|Any CPU.Build.0 = Release|Any CPU
	EndGlobalSection
	GlobalSection(SolutionProperties) = preSolution
		HideSolutionNode = FALSE
	EndGlobalSection
EndGlobal
